
Microsoft Visual Studio Solution File, Format Version 12.00
Project("{FAE04EC0-301F-11D3-BF4B-00C04F79EFBC}") = "PuntoSabor-Backend", "PuntoSabor-Backend\PuntoSabor-Backend.csproj", "{D28B66B4-8E00-4118-B563-556B563ED2B6}"
EndProject
Global
	GlobalSection(SolutionConfigurationPlatforms) = preSolution
		Debug|Any CPU = Debug|Any CPU
		Release|Any CPU = Release|Any CPU
	EndGlobalSection
	GlobalSection(ProjectConfigurationPlatforms) = postSolution
		{D28B66B4-8E00-4118-B563-556B563ED2B6}.Debug|Any CPU.ActiveCfg = Debug|Any CPU
		{D28B66B4-8E00-4118-B563-556B563ED2B6}.Debug|Any CPU.Build.0 = Debug|Any CPU
		{D28B66B4-8E00-4118-B563-556B563ED2B6}.Release|Any CPU.ActiveCfg = Release|Any CPU
		{D28B66B4-8E00-4118-B563-556B563ED2B6}.Release|Any CPU.Build.0 = Release|Any CPU
	EndGlobalSection
EndGlobal
